
Microsoft Visual Studio Solution File, Format Version 12.00
# Visual Studio Version 17
VisualStudioVersion = 17.11.35312.102
MinimumVisualStudioVersion = 10.0.40219.1
Project("{FAE04EC0-301F-11D3-BF4B-00C04F79EFBC}") = "Project_KTPMUD", "Project_KTPMUD\Project_KTPMUD.csproj", "{3ECF664F-97E1-465D-B1EB-C0BCD45D08CC}"
EndProject
Global
	GlobalSection(SolutionConfigurationPlatforms) = preSolution
		Debug|Any CPU = Debug|Any CPU
		Release|Any CPU = Release|Any CPU
	EndGlobalSection
	GlobalSection(ProjectConfigurationPlatforms) = postSolution
		{3ECF664F-97E1-465D-B1EB-C0BCD45D08CC}.Debug|Any CPU.ActiveCfg = Debug|Any CPU
		{3ECF664F-97E1-465D-B1EB-C0BCD45D08CC}.Debug|Any CPU.Build.0 = Debug|Any CPU
		{3ECF664F-97E1-465D-B1EB-C0BCD45D08CC}.Release|Any CPU.ActiveCfg = Release|Any CPU
		{3ECF664F-97E1-465D-B1EB-C0BCD45D08CC}.Release|Any CPU.Build.0 = Release|Any CPU
	EndGlobalSection
	GlobalSection(SolutionProperties) = preSolution
		HideSolutionNode = FALSE
	EndGlobalSection
	GlobalSection(ExtensibilityGlobals) = postSolution
		SolutionGuid = {6F1C33FF-29AF-4469-BD94-BB8365F82E51}
	EndGlobalSection
EndGlobal
